{
  "originHash" : "5b5ada7868ca34586e5866e5610ac05c1a4f6e7f12de896c9285d99875122d36",
  "pins" : [
    {
      "identity" : "grdb.swift",
      "kind" : "remoteSourceControl",
      "location" : "https://github.com/groue/GRDB.swift",
      "state" : {
        "revision" : "b83108d10f42680d78f23fe4d4d80fc88dab3212",
        "version" : "7.11.1"
      }
    },
    {
      "identity" : "phonenumberkit",
      "kind" : "remoteSourceControl",
      "location" : "https://github.com/marmelroy/PhoneNumberKit",
      "state" : {
        "revision" : "169ab10234347fb19b37441f2867ace896a284b0",
        "version" : "4.3.0"
      }
    }
  ],
  "version" : 3
}
